// !$*UTF8*$!
{
	archiveVersion = 1;
	classes = {
	};
	objectVersion = 46;
	objects = {

/* Begin PBXBuildFile section */
		F21575001B088BD200C99217 /* main.m in Sources */ = {isa = PBXBuildFile; fileRef = F21574FF1B088BD200C99217 /* main.m */; };
		F21575031B088BD200C99217 /* AppDelegate.m in Sources */ = {isa = PBXBuildFile; fileRef = F21575021B088BD200C99217 /* AppDelegate.m */; };
		F21575061B088BD200C99217 /* ViewController.m in Sources */ = {isa = PBXBuildFile; fileRef = F21575051B088BD200C99217 /* ViewController.m */; };
		F21575091B088BD200C99217 /* Main.storyboard in Resources */ = {isa = PBXBuildFile; fileRef = F21575071B088BD200C99217 /* Main.storyboard */; };
		F215750B1B088BD200C99217 /* Images.xcassets in Resources */ = {isa = PBXBuildFile; fileRef = F215750A1B088BD200C99217 /* Images.xcassets */; };
		F215750E1B088BD200C99217 /* LaunchScreen.xib in Resources */ = {isa = PBXBuildFile; fileRef = F215750C1B088BD200C99217 /* LaunchScreen.xib */; };
		F215751A1B088BD200C99217 /* HelloWorldTests.m in Sources */ = {isa = PBXBuildFile; fileRef = F21575191B088BD200C99217 /* HelloWorldTests.m */; };
/* End PBXBuildFile section */

/* Begin PBXContainerItemProxy section */
		F21575141B088BD200C99217 /* PBXContainerItemProxy */ = {
			isa = PBXContainerItemProxy;
			containerPortal = F21574F21B088BD100C99217 /* Project object */;
			proxyType = 1;
			remoteGlobalIDString = F21574F91B088BD100C99217;
			remoteInfo = HelloWorld;
		};
/* End PBXContainerItemProxy section */

/* Begin PBXFileReference section */
		F21574FA1B088BD100C99217 /* HelloWorld.app */ = {isa = PBXFileReference; explicitFileType = wrapper.application; includeInIndex = 0; path = HelloWorld.app; sourceTree = BUILT_PRODUCTS_DIR; };
		F21574FE1B088BD200C99217 /* Info.plist */ = {isa = PBXFileReference; lastKnownFileType = text.plist.xml; path = Info.plist; sourceTree = "<group>"; };
		F21574FF1B088BD200C99217 /* main.m */ = {isa = PBXFileReference; lastKnownFileType = sourcecode.c.objc; path = main.m; sourceTree = "<group>"; };
		F21575011B088BD200C99217 /* AppDelegate.h */ = {isa = PBXFileReference; lastKnownFileType = sourcecode.c.h; path = AppDelegate.h; sourceTree = "<group>"; };
		F21575021B088BD200C99217 /* AppDelegate.m */ = {isa = PBXFileReference; lastKnownFileType = sourcecode.c.objc; path = AppDelegate.m; sourceTree = "<group>"; };
		F21575041B088BD200C99217 /* ViewController.h */ = {isa = PBXFileReference; lastKnownFileType = sourcecode.c.h; path = ViewController.h; sourceTree = "<group>"; };
		F21575051B088BD200C99217 /* ViewController.m */ = {isa = PBXFileReference; lastKnownFileType = sourcecode.c.objc; path = ViewController.m; sourceTree = "<group>"; };
		F21575081B088BD200C99217 /* Base */ = {isa = PBXFileReference; lastKnownFileType = file.storyboard; name = Base; path = Base.lproj/Main.storyboard; sourceTree = "<group>"; };
		F215750A1B088BD200C99217 /* Images.xcassets */ = {isa = PBXFileReference; lastKnownFileType = folder.assetcatalog; path = Images.xcassets; sourceTree = "<group>"; };
		F215750D1B088BD200C99217 /* Base */ = {isa = PBXFileReference; lastKnownFileType = file.xib; name = Base; path = Base.lproj/LaunchScreen.xib; sourceTree = "<group>"; };
		F21575131B088BD200C99217 /* HelloWorldTests.xctest */ = {isa = PBXFileReference; explicitFileType = wrapper.cfbundle; includeInIndex = 0; path = HelloWorldTests.xctest; sourceTree = BUILT_PRODUCTS_DIR; };
		F21575181B088BD200C99217 /* Info.plist */ = {isa = PBXFileReference; lastKnownFileType = text.plist.xml; path = Info.plist; sourceTree = "<group>"; };
		F21575191B088BD200C99217 /* HelloWorldTests.m */ = {isa = PBXFileReference; lastKnownFileType = sourcecode.c.objc; path = HelloWorldTests.m; sourceTree = "<group>"; };
/* End PBXFileReference section */

/* Begin PBXFrameworksBuildPhase section */
		F21574F71B088BD100C99217 /* Frameworks */ = {
			isa = PBXFrameworksBuildPhase;
			buildActionMask = 2147483647;
			files = (
			);
			runOnlyForDeploymentPostprocessing = 0;
		};
		F21575101B088BD200C99217 /* Frameworks */ = {
			isa = PBXFrameworksBuildPhase;
			buildActionMask = 2147483647;
			files = (
			);
			runOnlyForDeploymentPostprocessing = 0;
		};
/* End PBXFrameworksBuildPhase section */

/* Begin PBXGroup section */
		F21574F11B088BD100C99217 = {
			isa = PBXGroup;
			children = (
				F21574FC1B088BD200C99217 /* HelloWorld */,
				F21575161B088BD200C99217 /* HelloWorldTests */,
				F21574FB1B088BD100C99217 /* Products */,
			);
			sourceTree = "<group>";
		};
		F21574FB1B088BD100C99217 /* Products */ = {
			isa = PBXGroup;
			children = (
				F21574FA1B088BD100C99217 /* HelloWorld.app */,
				F21575131B088BD200C99217 /* HelloWorldTests.xctest */,
			);
			name = Products;
			sourceTree = "<group>";
		};
		F21574FC1B088BD200C99217 /* HelloWorld */ = {
			isa = PBXGroup;
			children = (
				F21575011B088BD200C99217 /* AppDelegate.h */,
				F21575021B088BD200C99217 /* AppDelegate.m */,
				F21575041B088BD200C99217 /* ViewController.h */,
				F21575051B088BD200C99217 /* ViewController.m */,
				F21575071B088BD200C99217 /* Main.storyboard */,
				F215750A1B088BD200C99217 /* Images.xcassets */,
				F215750C1B088BD200C99217 /* LaunchScreen.xib */,
				F21574FD1B088BD200C99217 /* Supporting Files */,
			);
			path = HelloWorld;
			sourceTree = "<group>";
		};
		F21574FD1B088BD200C99217 /* Supporting Files */ = {
			isa = PBXGroup;
			children = (
				F21574FE1B088BD200C99217 /* Info.plist */,
				F21574FF1B088BD200C99217 /* main.m */,
			);
			name = "Supporting Files";
			sourceTree = "<group>";
		};
		F21575161B088BD200C99217 /* HelloWorldTests */ = {
			isa = PBXGroup;
			children = (
				F21575191B088BD200C99217 /* HelloWorldTests.m */,
				F21575171B088BD200C99217 /* Supporting Files */,
			);
			path = HelloWorldTests;
			sourceTree = "<group>";
		};
		F21575171B088BD200C99217 /* Supporting Files */ = {
			isa = PBXGroup;
			children = (
				F21575181B088BD200C99217 /* Info.plist */,
			);
			name = "Supporting Files";
			sourceTree = "<group>";
		};
/* End PBXGroup section */

/* Begin PBXNativeTarget section */
		F21574F91B088BD100C99217 /* HelloWorld */ = {
			isa = PBXNativeTarget;
			buildConfigurationList = F215751D1B088BD200C99217 /* Build configuration list for PBXNativeTarget "HelloWorld" */;
			buildPhases = (
				F21574F61B088BD100C99217 /* Sources */,
				F21574F71B088BD100C99217 /* Frameworks */,
				F21574F81B088BD100C99217 /* Resources */,
			);
			buildRules = (
			);
			dependencies = (
			);
			name = HelloWorld;
			productName = HelloWorld;
			productReference = F21574FA1B088BD100C99217 /* HelloWorld.app */;
			productType = "com.apple.product-type.application";
		};
		F21575121B088BD200C99217 /* HelloWorldTests */ = {
			isa = PBXNativeTarget;
			buildConfigurationList = F21575201B088BD200C99217 /* Build configuration list for PBXNativeTarget "HelloWorldTests" */;
			buildPhases = (
				F215750F1B088BD200C99217 /* Sources */,
				F21575101B088BD200C99217 /* Frameworks */,
				F21575111B088BD200C99217 /* Resources */,
			);
			buildRules = (
			);
			dependencies = (
				F21575151B088BD200C99217 /* PBXTargetDependency */,
			);
			name = HelloWorldTests;
			productName = HelloWorldTests;
			productReference = F21575131B088BD200C99217 /* HelloWorldTests.xctest */;
			productType = "com.apple.product-type.bundle.unit-test";
		};
/* End PBXNativeTarget section */

/* Begin PBXProject section */
		F21574F21B088BD100C99217 /* Project object */ = {
			isa = PBXProject;
			attributes = {
				LastUpgradeCheck = 0600;
				ORGANIZATIONNAME = Apress;
				TargetAttributes = {
					F21574F91B088BD100C99217 = {
						CreatedOnToolsVersion = 6.0.1;
					};
					F21575121B088BD200C99217 = {
						CreatedOnToolsVersion = 6.0.1;
						TestTargetID = F21574F91B088BD100C99217;
					};
				};
			};
			buildConfigurationList = F21574F51B088BD100C99217 /* Build configuration list for PBXProject "HelloWorld" */;
			compatibilityVersion = "Xcode 3.2";
			developmentRegion = English;
			hasScannedForEncodings = 0;
			knownRegions = (
				en,
				Base,
			);
			mainGroup = F21574F11B088BD100C99217;
			productRefGroup = F21574FB1B088BD100C99217 /* Products */;
			projectDirPath = "";
			projectRoot = "";
			targets = (
				F21574F91B088BD100C99217 /* HelloWorld */,
				F21575121B088BD200C99217 /* HelloWorldTests */,
			);
		};
/* End PBXProject section */

/* Begin PBXResourcesBuildPhase section */
		F21574F81B088BD100C99217 /* Resources */ = {
			isa = PBXResourcesBuildPhase;
			buildActionMask = 2147483647;
			files = (
				F21575091B088BD200C99217 /* Main.storyboard in Resources */,
				F215750E1B088BD200C99217 /* LaunchScreen.xib in Resources */,
				F215750B1B088BD200C99217 /* Images.xcassets in Resources */,
			);
			runOnlyForDeploymentPostprocessing = 0;
		};
		F21575111B088BD200C99217 /* Resources */ = {
			isa = PBXResourcesBuildPhase;
			buildActionMask = 2147483647;
			files = (
			);
			runOnlyForDeploymentPostprocessing = 0;
		};
/* End PBXResourcesBuildPhase section */

/* Begin PBXSourcesBuildPhase section */
		F21574F61B088BD100C99217 /* Sources */ = {
			isa = PBXSourcesBuildPhase;
			buildActionMask = 2147483647;
			files = (
				F21575061B088BD200C99217 /* ViewController.m in Sources */,
				F21575031B088BD200C99217 /* AppDelegate.m in Sources */,
				F21575001B088BD200C99217 /* main.m in Sources */,
			);
			runOnlyForDeploymentPostprocessing = 0;
		};
		F215750F1B088BD200C99217 /* Sources */ = {
			isa = PBXSourcesBuildPhase;
			buildActionMask = 2147483647;
			files = (
				F215751A1B088BD200C99217 /* HelloWorldTests.m in Sources */,
			);
			runOnlyForDeploymentPostprocessing = 0;
		};
/* End PBXSourcesBuildPhase section */

/* Begin PBXTargetDependency section */
		F21575151B088BD200C99217 /* PBXTargetDependency */ = {
			isa = PBXTargetDependency;
			target = F21574F91B088BD100C99217 /* HelloWorld */;
			targetProxy = F21575141B088BD200C99217 /* PBXContainerItemProxy */;
		};
/* End PBXTargetDependency section */

/* Begin PBXVariantGroup section */
		F21575071B088BD200C99217 /* Main.storyboard */ = {
			isa = PBXVariantGroup;
			children = (
				F21575081B088BD200C99217 /* Base */,
			);
			name = Main.storyboard;
			sourceTree = "<group>";
		};
		F215750C1B088BD200C99217 /* LaunchScreen.xib */ = {
			isa = PBXVariantGroup;
			children = (
				F215750D1B088BD200C99217 /* Base */,
			);
			name = LaunchScreen.xib;
			sourceTree = "<group>";
		};
/* End PBXVariantGroup section */

/* Begin XCBuildConfiguration section */
		F215751B1B088BD200C99217 /* Debug */ = {
			isa = XCBuildConfiguration;
			buildSettings = {
				ALWAYS_SEARCH_USER_PATHS = NO;
				CLANG_CXX_LANGUAGE_STANDARD = "gnu++0x";
				CLANG_CXX_LIBRARY = "libc++";
				CLANG_ENABLE_MODULES = YES;
				CLANG_ENABLE_OBJC_ARC = YES;
				CLANG_WARN_BOOL_CONVERSION = YES;
				CLANG_WARN_CONSTANT_CONVERSION = YES;
				CLANG_WARN_DIRECT_OBJC_ISA_USAGE = YES_ERROR;
				CLANG_WARN_EMPTY_BODY = YES;
				CLANG_WARN_ENUM_CONVERSION = YES;
				CLANG_WARN_INT_CONVERSION = YES;
				CLANG_WARN_OBJC_ROOT_CLASS = YES_ERROR;
				CLANG_WARN_UNREACHABLE_CODE = YES;
				CLANG_WARN__DUPLICATE_METHOD_MATCH = YES;
				"CODE_SIGN_IDENTITY[sdk=iphoneos*]" = "iPhone Developer";
				COPY_PHASE_STRIP = NO;
				ENABLE_STRICT_OBJC_MSGSEND = YES;
				GCC_C_LANGUAGE_STANDARD = gnu99;
				GCC_DYNAMIC_NO_PIC = NO;
				GCC_OPTIMIZATION_LEVEL = 0;
				GCC_PREPROCESSOR_DEFINITIONS = (
					"DEBUG=1",
					"$(inherited)",
				);
				GCC_SYMBOLS_PRIVATE_EXTERN = NO;
				GCC_WARN_64_TO_32_BIT_CONVERSION = YES;
				GCC_WARN_ABOUT_RETURN_TYPE = YES_ERROR;
				GCC_WARN_UNDECLARED_SELECTOR = YES;
				GCC_WARN_UNINITIALIZED_AUTOS = YES_AGGRESSIVE;
				GCC_WARN_UNUSED_FUNCTION = YES;
				GCC_WARN_UNUSED_VARIABLE = YES;
				IPHONEOS_DEPLOYMENT_TARGET = 8.0;
				MTL_ENABLE_DEBUG_INFO = YES;
				ONLY_ACTIVE_ARCH = YES;
				SDKROOT = iphoneos;
				TARGETED_DEVICE_FAMILY = "1,2";
			};
			name = Debug;
		};
		F215751C1B088BD200C99217 /* Release */ = {
			isa = XCBuildConfiguration;
			buildSettings = {
				ALWAYS_SEARCH_USER_PATHS = NO;
				CLANG_CXX_LANGUAGE_STANDARD = "gnu++0x";
				CLANG_CXX_LIBRARY = "libc++";
				CLANG_ENABLE_MODULES = YES;
				CLANG_ENABLE_OBJC_ARC = YES;
				CLANG_WARN_BOOL_CONVERSION = YES;
				CLANG_WARN_CONSTANT_CONVERSION = YES;
				CLANG_WARN_DIRECT_OBJC_ISA_USAGE = YES_ERROR;
				CLANG_WARN_EMPTY_BODY = YES;
				CLANG_WARN_ENUM_CONVERSION = YES;
				CLANG_WARN_INT_CONVERSION = YES;
				CLANG_WARN_OBJC_ROOT_CLASS = YES_ERROR;
				CLANG_WARN_UNREACHABLE_CODE = YES;
				CLANG_WARN__DUPLICATE_METHOD_MATCH = YES;
				"CODE_SIGN_IDENTITY[sdk=iphoneos*]" = "iPhone Developer";
				COPY_PHASE_STRIP = YES;
				ENABLE_NS_ASSERTIONS = NO;
				ENABLE_STRICT_OBJC_MSGSEND = YES;
				GCC_C_LANGUAGE_STANDARD = gnu99;
				GCC_WARN_64_TO_32_BIT_CONVERSION = YES;
				GCC_WARN_ABOUT_RETURN_TYPE = YES_ERROR;
				GCC_WARN_UNDECLARED_SELECTOR = YES;
				GCC_WARN_UNINITIALIZED_AUTOS = YES_AGGRESSIVE;
				GCC_WARN_UNUSED_FUNCTION = YES;
				GCC_WARN_UNUSED_VARIABLE = YES;
				IPHONEOS_DEPLOYMENT_TARGET = 8.0;
				MTL_ENABLE_DEBUG_INFO = NO;
				SDKROOT = iphoneos;
				TARGETED_DEVICE_FAMILY = "1,2";
				VALIDATE_PRODUCT = YES;
			};
			name = Release;
		};
		F215751E1B088BD200C99217 /* Debug */ = {
			isa = XCBuildConfiguration;
			buildSettings = {
				ASSETCATALOG_COMPILER_APPICON_NAME = AppIcon;
				INFOPLIST_FILE = HelloWorld/Info.plist;
				LD_RUNPATH_SEARCH_PATHS = "$(inherited) @executable_path/Frameworks";
				PRODUCT_NAME = "$(TARGET_NAME)";
			};
			name = Debug;
		};
		F215751F1B088BD200C99217 /* Release */ = {
			isa = XCBuildConfiguration;
			buildSettings = {
				ASSETCATALOG_COMPILER_APPICON_NAME = AppIcon;
				INFOPLIST_FILE = HelloWorld/Info.plist;
				LD_RUNPATH_SEARCH_PATHS = "$(inherited) @executable_path/Frameworks";
				PRODUCT_NAME = "$(TARGET_NAME)";
			};
			name = Release;
		};
		F21575211B088BD200C99217 /* Debug */ = {
			isa = XCBuildConfiguration;
			buildSettings = {
				BUNDLE_LOADER = "$(TEST_HOST)";
				FRAMEWORK_SEARCH_PATHS = (
					"$(SDKROOT)/Developer/Library/Frameworks",
					"$(inherited)",
				);
				GCC_PREPROCESSOR_DEFINITIONS = (
					"DEBUG=1",
					"$(inherited)",
				);
				INFOPLIST_FILE = HelloWorldTests/Info.plist;
				LD_RUNPATH_SEARCH_PATHS = "$(inherited) @executable_path/Frameworks @loader_path/Frameworks";
				PRODUCT_NAME = "$(TARGET_NAME)";
				TEST_HOST = "$(BUILT_PRODUCTS_DIR)/HelloWorld.app/HelloWorld";
			};
			name = Debug;
		};
		F21575221B088BD200C99217 /* Release */ = {
			isa = XCBuildConfiguration;
			buildSettings = {
				BUNDLE_LOADER = "$(TEST_HOST)";
				FRAMEWORK_SEARCH_PATHS = (
					"$(SDKROOT)/Developer/Library/Frameworks",
					"$(inherited)",
				);
				INFOPLIST_FILE = HelloWorldTests/Info.plist;
				LD_RUNPATH_SEARCH_PATHS = "$(inherited) @executable_path/Frameworks @loader_path/Frameworks";
				PRODUCT_NAME = "$(TARGET_NAME)";
				TEST_HOST = "$(BUILT_PRODUCTS_DIR)/HelloWorld.app/HelloWorld";
			};
			name = Release;
		};
/* End XCBuildConfiguration section */

/* Begin XCConfigurationList section */
		F21574F51B088BD100C99217 /* Build configuration list for PBXProject "HelloWorld" */ = {
			isa = XCConfigurationList;
			buildConfigurations = (
				F215751B1B088BD200C99217 /* Debug */,
				F215751C1B088BD200C99217 /* Release */,
			);
			defaultConfigurationIsVisible = 0;
			defaultConfigurationName = Release;
		};
		F215751D1B088BD200C99217 /* Build configuration list for PBXNativeTarget "HelloWorld" */ = {
			isa = XCConfigurationList;
			buildConfigurations = (
				F215751E1B088BD200C99217 /* Debug */,
				F215751F1B088BD200C99217 /* Release */,
			);
			defaultConfigurationIsVisible = 0;
		};
		F21575201B088BD200C99217 /* Build configuration list for PBXNativeTarget "HelloWorldTests" */ = {
			isa = XCConfigurationList;
			buildConfigurations = (
				F21575211B088BD200C99217 /* Debug */,
				F21575221B088BD200C99217 /* Release */,
			);
			defaultConfigurationIsVisible = 0;
		};
/* End XCConfigurationList section */
	};
	rootObject = F21574F21B088BD100C99217 /* Project object */;
}
